
Microsoft Visual Studio Solution File, Format Version 12.00
# Visual Studio 15
Project("{FAE04EC0-301F-11D3-BF4B-00C04F79EFBC}") = "Leetcode", "Leetcode\Leetcode.csproj", "{31C56760-16E9-479D-B1C6-EF2A952FF7D9}"
EndProject
Project("{FAE04EC0-301F-11D3-BF4B-00C04F79EFBC}") = "Leetcode.Test", "Leetcode.Test\Leetcode.Test.csproj", "{AAB48B90-35FE-42A2-8446-CC904F13C06F}"
EndProject
Global
	GlobalSection(SolutionConfigurationPlatforms) = preSolution
		Debug|Any CPU = Debug|Any CPU
		Release|Any CPU = Release|Any CPU
	EndGlobalSection
	GlobalSection(ProjectConfigurationPlatforms) = postSolution
		{31C56760-16E9-479D-B1C6-EF2A952FF7D9}.Debug|Any CPU.ActiveCfg = Debug|Any CPU
		{31C56760-16E9-479D-B1C6-EF2A952FF7D9}.Debug|Any CPU.Build.0 = Debug|Any CPU
		{31C56760-16E9-479D-B1C6-EF2A952FF7D9}.Release|Any CPU.ActiveCfg = Release|Any CPU
		{31C56760-16E9-479D-B1C6-EF2A952FF7D9}.Release|Any CPU.Build.0 = Release|Any CPU
		{AAB48B90-35FE-42A2-8446-CC904F13C06F}.Debug|Any CPU.ActiveCfg = Debug|Any CPU
		{AAB48B90-35FE-42A2-8446-CC904F13C06F}.Debug|Any CPU.Build.0 = Debug|Any CPU
		{AAB48B90-35FE-42A2-8446-CC904F13C06F}.Release|Any CPU.ActiveCfg = Release|Any CPU
		{AAB48B90-35FE-42A2-8446-CC904F13C06F}.Release|Any CPU.Build.0 = Release|Any CPU
	EndGlobalSection
EndGlobal
